
Microsoft Visual Studio Solution File, Format Version 12.00
# Visual Studio Version 17
VisualStudioVersion = 17.4.33205.214
MinimumVisualStudioVersion = 10.0.40219.1
Project("{9A19103F-16F7-4668-BE54-9A1E7A4F7556}") = "eKucniLjubimci", "eKucniLjubimci.csproj", "{2326867D-5DAD-404E-90AC-F9D52117BE1B}"
EndProject
Project("{9A19103F-16F7-4668-BE54-9A1E7A4F7556}") = "eKucniLjubimci.Model", "..\eKucniLjubimci.Model\eKucniLjubimci.Model.csproj", "{E96D9CF4-CB64-447D-A935-39AD6C2C14DD}"
EndProject
Project("{9A19103F-16F7-4668-BE54-9A1E7A4F7556}") = "eKucniLjubimci.Services", "..\eKucniLjubimci.Services\eKucniLjubimci.Services.csproj", "{B4E732BD-2400-45A4-8FDB-A323996AF926}"
EndProject
Project("{2150E333-8FDC-42A3-9474-1A3956D46DE8}") = "Solution Items", "Solution Items", "{B905A0F5-C1A7-4460-BA0C-AC56E72C20E3}"
	ProjectSection(SolutionItems) = preProject
		..\Dockerfile = ..\Dockerfile
	EndProjectSection
EndProject
Project("{FAE04EC0-301F-11D3-BF4B-00C04F79EFBC}") = "eKucniLjubimci.RabbitMQ.Email", "..\eKucniLjubimci.RabbitMQ.Email\eKucniLjubimci.RabbitMQ.Email.csproj", "{012F73D4-D336-4F19-BDD4-6A1C12918AFC}"
EndProject
Global
	GlobalSection(SolutionConfigurationPlatforms) = preSolution
		Debug|Any CPU = Debug|Any CPU
		Release|Any CPU = Release|Any CPU
	EndGlobalSection
	GlobalSection(ProjectConfigurationPlatforms) = postSolution
		{2326867D-5DAD-404E-90AC-F9D52117BE1B}.Debug|Any CPU.ActiveCfg = Debug|Any CPU
		{2326867D-5DAD-404E-90AC-F9D52117BE1B}.Debug|Any CPU.Build.0 = Debug|Any CPU
		{2326867D-5DAD-404E-90AC-F9D52117BE1B}.Release|Any CPU.ActiveCfg = Release|Any CPU
		{2326867D-5DAD-404E-90AC-F9D52117BE1B}.Release|Any CPU.Build.0 = Release|Any CPU
		{E96D9CF4-CB64-447D-A935-39AD6C2C14DD}.Debug|Any CPU.ActiveCfg = Debug|Any CPU
		{E96D9CF4-CB64-447D-A935-39AD6C2C14DD}.Debug|Any CPU.Build.0 = Debug|Any CPU
		{E96D9CF4-CB64-447D-A935-39AD6C2C14DD}.Release|Any CPU.ActiveCfg = Release|Any CPU
		{E96D9CF4-CB64-447D-A935-39AD6C2C14DD}.Release|Any CPU.Build.0 = Release|Any CPU
		{B4E732BD-2400-45A4-8FDB-A323996AF926}.Debug|Any CPU.ActiveCfg = Debug|Any CPU
		{B4E732BD-2400-45A4-8FDB-A323996AF926}.Debug|Any CPU.Build.0 = Debug|Any CPU
		{B4E732BD-2400-45A4-8FDB-A323996AF926}.Release|Any CPU.ActiveCfg = Release|Any CPU
		{B4E732BD-2400-45A4-8FDB-A323996AF926}.Release|Any CPU.Build.0 = Release|Any CPU
		{012F73D4-D336-4F19-BDD4-6A1C12918AFC}.Debug|Any CPU.ActiveCfg = Debug|Any CPU
		{012F73D4-D336-4F19-BDD4-6A1C12918AFC}.Debug|Any CPU.Build.0 = Debug|Any CPU
		{012F73D4-D336-4F19-BDD4-6A1C12918AFC}.Release|Any CPU.ActiveCfg = Release|Any CPU
		{012F73D4-D336-4F19-BDD4-6A1C12918AFC}.Release|Any CPU.Build.0 = Release|Any CPU
	EndGlobalSection
	GlobalSection(SolutionProperties) = preSolution
		HideSolutionNode = FALSE
	EndGlobalSection
	GlobalSection(ExtensibilityGlobals) = postSolution
		SolutionGuid = {878C879F-2CD7-4402-8692-5B2E0CD14741}
	EndGlobalSection
EndGlobal
